{
  "lockfileVersion": 1,
  "configVersion": 1,
  "workspaces": {
    "": {
      "name": "dongtai-sub",
      "dependencies": {
        "jsdom": "^30.1.2",
      },
      "devDependencies": {
        "@types/bun": "^1.4.2",
        "@types/jsdom": "^30.0.0",
        "oxfmt": "^0.71.0",
        "oxlint": "^1.51.0",
        "typescript": "^7.0.2",
      },
    },
  },
  "packages": {
    "@asamuzakjp/css-color": ["@asamuzakjp/css-color@7.1.3", "", { "dependencies": { "@csstools/css-calc": "^3.4.2", "@csstools/css-color-parser": "^4.2.5", "@csstools/css-parser-algorithms": "^4.0.2", "@csstools/css-tokenizer": "^4.0.2", "lru-cache": "^11.5.3" } }, "sha512-1t1U8Cm3RBl9vh3RAZhjkPaduzLSvQJRToRrxpGR/eDRW99mOREleuu+mWfiFa795bUzjwht7NgphCKTs2ianQ=="],

    "@asamuzakjp/dom-selector": ["@asamuzakjp/dom-selector@9.2.4", "", { "dependencies": { "bidi-js": "^1.1.0", "css-tree": "^3.2.1", "is-potential-custom-element-name": "^1.0.1", "lru-cache": "^11.5.3" } }, "sha512-YnVzxDxLaqL0t7Q4wfcgHZjg55Wm6y5EaO7Bhu3q9J7wq/8iw3PhsnWiOQhYekx4VexnbkgWpTT6n+QIV7kczw=="],

    "@bramus/specificity": ["@bramus/specificity@2.4.2", "", { "dependencies": { "css-tree": "^3.0.0" }, "bin": { "specificity": "bin/cli.js" } }, "sha512-ctxtJ/eA+t+6q2++vj5j7FYX3nRu311q1wfYH3xjlLOsczhlhxAg2FWNUXhpGvAw3BWo1xBcvOV6/YLc2r5FJw=="],

    "@csstools/color-helpers": ["@csstools/color-helpers@6.1.2", "", {}, "sha512-grhRy3OKmniaAEKXMjua5z/EODX0MSqBGjunw8+j/3HQjOnahs2AGhvEOIYVUWcU6ScApbhLhVrQTX8XqrMrow=="],

    "@csstools/css-calc": ["@csstools/css-calc@3.4.3", "", { "peerDependencies": { "@csstools/css-parser-algorithms": "^4.0.2", "@csstools/css-tokenizer": "^4.0.2" } }, "sha512-iex20d8CHVkyvg6B7UKV7uHnI2Bqo9g+EFfT9E0y+GvTvhZ/DwONJ+9aKb1dlqm0ZiGsL5RXjp0fCoJYnkeDjA=="],

    "@csstools/css-color-parser": ["@csstools/css-color-parser@4.2.6", "", { "dependencies": { "@csstools/color-helpers": "^6.1.2", "@csstools/css-calc": "^3.4.3" }, "peerDependencies": { "@csstools/css-parser-algorithms": "^4.0.2", "@csstools/css-tokenizer": "^4.0.2" } }, "sha512-iiPQ3iRWwnJkeEn6RIu6SJPr7hYrLz6XZ9s/QZl+2/LI5KQVjpl2fdmDSZKuD4xP6GMmMPgHFFXg6k1Wkz0Trg=="],

    "@csstools/css-parser-algorithms": ["@csstools/css-parser-algorithms@4.0.2", "", { "peerDependencies": { "@csstools/css-tokenizer": "^4.0.2" } }, "sha512-40cSKyMvK+tq4qz6Awrlye2WGuOKt3FwPgtGg6KTfbHOWNw+Rk1rzbAtZnZ6IBhsY491HLRnDXwoyBAijmmILA=="],

    "@csstools/css-syntax-patches-for-csstree": ["@csstools/css-syntax-patches-for-csstree@1.1.15", "", { "peerDependencies": { "css-tree": "^3.2.1" }, "optionalPeers": ["css-tree"] }, "sha512-J0u7HkVl2nzSlhsiTOp4AmwcUQ3D+mGEEKfBy/7To5/y7F2OHwyLrXfrhR0SMgr4p5Lo+eaMVSeai24zUcBIxA=="],

    "@csstools/css-tokenizer": ["@csstools/css-tokenizer@4.0.2", "", {}, "sha512-OoKoR0f76dCY666JlcbhmVTs2drYj1GUXZTYTcbUgJjh9Nv41aFfZ21bPQTERm5+L5cBDo466NltB2lplS5GBw=="],

    "@exodus/bytes": ["@exodus/bytes@1.16.0", "", { "peerDependencies": { "@noble/hashes": "^1.8.0 || ^2.0.0" }, "optionalPeers": ["@noble/hashes"] }, "sha512-IcpW84uEn3N7ETtNZMlxKhfl6Pec8rUNGOTBtWbK1FKhJxIFAptZyVrvVRVBimAJxJCgc3PxepxkdWWG4DVzfA=="],

    "@oxfmt/binding-android-arm-eabi": ["@oxfmt/binding-android-arm-eabi@0.71.0", "", { "os": "android", "cpu": "arm" }, "sha512-l31EyBfB4egJeFua11aQFEUE9nnDtfpWCadqQovm0WL30t/yUHtdFl/5HyFXvd5xT8Ewh3U4TI9f30GowrQ1fw=="],

    "@oxfmt/binding-android-arm64": ["@oxfmt/binding-android-arm64@0.71.0", "", { "os": "android", "cpu": "arm64" }, "sha512-E8q39SUZzSXQ08oZoFoTkxRADkdBNgL6De4qgZYr2O4JCunwqrZwAyCebxIF3yVHBafHM30WUkhTkDi+jNYZOw=="],

    "@oxfmt/binding-darwin-arm64": ["@oxfmt/binding-darwin-arm64@0.71.0", "", { "os": "darwin", "cpu": "arm64" }, "sha512-pTteTrN88DicrmJ3DocBmpNDa6Umfh0iveEG8rnAlDFQpclmtDS7hnIvZbIEV9mDO0Ot1U0sjtoJQ1itd/ZMhQ=="],

    "@oxfmt/binding-darwin-x64": ["@oxfmt/binding-darwin-x64@0.71.0", "", { "os": "darwin", "cpu": "x64" }, "sha512-G5melRC3IiNEgXlNKJhSExJYQGAQIppHFp2cl/wFrqQcEwmc4k4TkrHaFTR29SDudjoW5AZq5cXPGJDqtlH/Yg=="],

    "@oxfmt/binding-freebsd-x64": ["@oxfmt/binding-freebsd-x64@0.71.0", "", { "os": "freebsd", "cpu": "x64" }, "sha512-Hb1P5yKb9aiH2VSbm3Ml37mKjzqpunYet9krw/YK7V5JsAUJDQlju3Yk/dEqQvJD/usBvpi01Vbk9ZDNo0a8Cw=="],

    "@oxfmt/binding-linux-arm-gnueabihf": ["@oxfmt/binding-linux-arm-gnueabihf@0.71.0", "", { "os": "linux", "cpu": "arm" }, "sha512-r7n4JEO+rkp0kaP3ia+0hv6FzK3PQIHqaF0jxGuhjJ4JHVX9ZVRbgpDVDW+OloyuJsRWpWFDKIHe8gfl1p/4mQ=="],

    "@oxfmt/binding-linux-arm-musleabihf": ["@oxfmt/binding-linux-arm-musleabihf@0.71.0", "", { "os": "linux", "cpu": "arm" }, "sha512-EEynTF4nakgqDhVCmd3cHQCmTcw0BM8ea6eHigTdtZ3yxdsBNv+dYkt+OpDDZx1n/jzjI7J+Ht7IgkqFWuJUxQ=="],

    "@oxfmt/binding-linux-arm64-gnu": ["@oxfmt/binding-linux-arm64-gnu@0.71.0", "", { "os": "linux", "cpu": "arm64" }, "sha512-7VgJIrywCwR/G6YMv+HqsccUt8Z4q4mbM2xR+Ry/6AeMk4pCmZ9aO4Srd3mmrvVu8PsCZGP7oHEHSXWTmyloaQ=="],

    "@oxfmt/binding-linux-arm64-musl": ["@oxfmt/binding-linux-arm64-musl@0.71.0", "", { "os": "linux", "cpu": "arm64" }, "sha512-AOCaminv/+fhinUXKvtPZT4POhNYmN9GfvaJdgJa1AbvuzClWGwDIXfJg8eu3sYaVL2B68jNvmS7LZGAYa0z3A=="],

    "@oxfmt/binding-linux-ppc64-gnu": ["@oxfmt/binding-linux-ppc64-gnu@0.71.0", "", { "os": "linux", "cpu": "ppc64" }, "sha512-0SHxuaa4QRLM7jfsd8wc6L7KdLg+FR6/ah9k1eAvcrK/Sni7oxchMvsjwUsyakVAta+wBVDkjJTr7/RFU0uUGA=="],

    "@oxfmt/binding-linux-riscv64-gnu": ["@oxfmt/binding-linux-riscv64-gnu@0.71.0", "", { "os": "linux", "cpu": "none" }, "sha512-UNKj1+rPorTK6uSlQzpN96vDNbHbL/63zcpznweo0ImQdkDdtQCS7G3puxX++2cESPKT2B56Y6DICUmFTJde5A=="],

    "@oxfmt/binding-linux-riscv64-musl": ["@oxfmt/binding-linux-riscv64-musl@0.71.0", "", { "os": "linux", "cpu": "none" }, "sha512-5cVXKj7a0mWu7GU6/bZgNyv+KtLgM5S9cnT26Os2/abj8pK/bklHsbdYEHGLLniGjNYkyzwem8mZciPCaDtilw=="],

    "@oxfmt/binding-linux-s390x-gnu": ["@oxfmt/binding-linux-s390x-gnu@0.71.0", "", { "os": "linux", "cpu": "s390x" }, "sha512-lNpcMuZvyU1V/CY5h19hac03m4E4PLSYRckcxZOynSPojI4Mwt6nEu9wT/gVf0bclH3xGEWjwqApnSTgjkd2oA=="],

    "@oxfmt/binding-linux-x64-gnu": ["@oxfmt/binding-linux-x64-gnu@0.71.0", "", { "os": "linux", "cpu": "x64" }, "sha512-5/Z6pUewQpknXqC4/ykK6Zc6RiteAnPem1Ci7K1RZLVF6w6MMjwHjR4vsjijW4Czidgv7HKeVglGjElADliT9w=="],

    "@oxfmt/binding-linux-x64-musl": ["@oxfmt/binding-linux-x64-musl@0.71.0", "", { "os": "linux", "cpu": "x64" }, "sha512-uVdG2N/4GEbOeljpQ+xv+NeEwJWJGj0WaxSiSYnoiqIYy3RWrWd3rGUmxWXP1A8+ferNvvwFoDAtvgsDUvBuSw=="],

    "@oxfmt/binding-openharmony-arm64": ["@oxfmt/binding-openharmony-arm64@0.71.0", "", { "os": "none", "cpu": "arm64" }, "sha512-1LwEZmSDRFKeBaGd/Hgj2xI3SmgGFpF4YtgkSx0sTYdTiZfHWbcFvRIBjL1YiDNdQd9Khda3Ij8CoqBULjskDg=="],

    "@oxfmt/binding-win32-arm64-msvc": ["@oxfmt/binding-win32-arm64-msvc@0.71.0", "", { "os": "win32", "cpu": "arm64" }, "sha512-5tplmkeMXmza3PUptJQy25wCPJbIAg5g5r7zs+DI+7eEYOqbY+7roMdSH2zbDvv1Pb4oTDJ6NWYx9IRxBxXwhQ=="],

    "@oxfmt/binding-win32-ia32-msvc": ["@oxfmt/binding-win32-ia32-msvc@0.71.0", "", { "os": "win32", "cpu": "ia32" }, "sha512-T2LWgh3Vx4PYDjtcqRRGDyCsVxeF/VE5xTpUQiCm65bNLwMpRnJYj6Hlkf6qRM3+jxCIOqHD1kVHNQCCiAVMNQ=="],

    "@oxfmt/binding-win32-x64-msvc": ["@oxfmt/binding-win32-x64-msvc@0.71.0", "", { "os": "win32", "cpu": "x64" }, "sha512-L06SVp7Hu1EQTkh3+PHnKK26dxVbEpOG2InMwCooTE4MA437b5FgfTleCCiGn4ykISHnHU6UHaIg7SiMO7rBHA=="],

    "@oxlint/binding-android-arm-eabi": ["@oxlint/binding-android-arm-eabi@1.51.0", "", { "os": "android", "cpu": "arm" }, "sha512-jJYIqbx4sX+suIxWstc4P7SzhEwb4ArWA2KVrmEuu9vH2i0qM6QIHz/ehmbGE4/2fZbpuMuBzTl7UkfNoqiSgw=="],

    "@oxlint/binding-android-arm64": ["@oxlint/binding-android-arm64@1.51.0", "", { "os": "android", "cpu": "arm64" }, "sha512-GtXyBCcH4ti98YdiMNCrpBNGitx87EjEWxevnyhcBK12k/Vu4EzSB45rzSC4fGFUD6sQgeaxItRCEEWeVwPafw=="],

    "@oxlint/binding-darwin-arm64": ["@oxlint/binding-darwin-arm64@1.51.0", "", { "os": "darwin", "cpu": "arm64" }, "sha512-3QJbeYaMHn6Bh2XeBXuITSsbnIctyTjvHf5nRjKYrT9pPeErNIpp5VDEeAXC0CZSwSVTsc8WOSDwgrAI24JolQ=="],

    "@oxlint/binding-darwin-x64": ["@oxlint/binding-darwin-x64@1.51.0", "", { "os": "darwin", "cpu": "x64" }, "sha512-NzErhMaTEN1cY0E8C5APy74lw5VwsNfJfVPBMWPVQLqAbO0k4FFLjvHURvkUL+Y18Wu+8Vs1kbqPh2hjXYA4pg=="],

    "@oxlint/binding-freebsd-x64": ["@oxlint/binding-freebsd-x64@1.51.0", "", { "os": "freebsd", "cpu": "x64" }, "sha512-msAIh3vPAoKoHlOE/oe6Q5C/n9umypv/k81lED82ibrJotn+3YG2Qp1kiR8o/Dg5iOEU97c6tl0utxcyFenpFw=="],

    "@oxlint/binding-linux-arm-gnueabihf": ["@oxlint/binding-linux-arm-gnueabihf@1.51.0", "", { "os": "linux", "cpu": "arm" }, "sha512-CqQPcvqYyMe9ZBot2stjGogEzk1z8gGAngIX7srSzrzexmXixwVxBdFZyxTVM0CjGfDeV+Ru0w25/WNjlMM2Hw=="],

    "@oxlint/binding-linux-arm-musleabihf": ["@oxlint/binding-linux-arm-musleabihf@1.51.0", "", { "os": "linux", "cpu": "arm" }, "sha512-dstrlYQgZMnyOssxSbolGCge/sDbko12N/35RBNuqLpoPbft2aeBidBAb0dvQlyBd9RJ6u8D4o4Eh8Un6iTgyQ=="],

    "@oxlint/binding-linux-arm64-gnu": ["@oxlint/binding-linux-arm64-gnu@1.51.0", "", { "os": "linux", "cpu": "arm64" }, "sha512-QEjUpXO7d35rP1/raLGGbAsBLLGZIzV3ZbeSjqWlD3oRnxpRIZ6iL4o51XQHkconn3uKssc+1VKdtHJ81BBhDA=="],

    "@oxlint/binding-linux-arm64-musl": ["@oxlint/binding-linux-arm64-musl@1.51.0", "", { "os": "linux", "cpu": "arm64" }, "sha512-YSJua5irtG4DoMAjUapDTPhkQLHhBIY0G9JqlZS6/SZPzqDkPku/1GdWs0D6h/wyx0Iz31lNCfIaWKBQhzP0wQ=="],

    "@oxlint/binding-linux-ppc64-gnu": ["@oxlint/binding-linux-ppc64-gnu@1.51.0", "", { "os": "linux", "cpu": "ppc64" }, "sha512-7L4Wj2IEUNDETKssB9IDYt16T6WlF+X2jgC/hBq3diGHda9vJLpAgb09+D3quFq7TdkFtI7hwz/jmuQmQFPc1Q=="],

    "@oxlint/binding-linux-riscv64-gnu": ["@oxlint/binding-linux-riscv64-gnu@1.51.0", "", { "os": "linux", "cpu": "none" }, "sha512-cBUHqtOXy76G41lOB401qpFoKx1xq17qYkhWrLSM7eEjiHM9sOtYqpr6ZdqCnN9s6ZpzudX4EkeHOFH2E9q0vA=="],

    "@oxlint/binding-linux-riscv64-musl": ["@oxlint/binding-linux-riscv64-musl@1.51.0", "", { "os": "linux", "cpu": "none" }, "sha512-WKbg8CysgZcHfZX0ixQFBRSBvFZUHa3SBnEjHY2FVYt2nbNJEjzTxA3ZR5wMU0NOCNKIAFUFvAh5/XJKPRJuJg=="],

    "@oxlint/binding-linux-s390x-gnu": ["@oxlint/binding-linux-s390x-gnu@1.51.0", "", { "os": "linux", "cpu": "s390x" }, "sha512-N1QRUvJTxqXNSu35YOufdjsAVmKVx5bkrggOWAhTWBc3J4qjcBwr1IfyLh/6YCg8sYRSR1GraldS9jUgJL/U4A=="],

    "@oxlint/binding-linux-x64-gnu": ["@oxlint/binding-linux-x64-gnu@1.51.0", "", { "os": "linux", "cpu": "x64" }, "sha512-e0Mz0DizsCoqNIjeOg6OUKe8JKJWZ5zZlwsd05Bmr51Jo3AOL4UJnPvwKumr4BBtBrDZkCmOLhCvDGm95nJM2g=="],

    "@oxlint/binding-linux-x64-musl": ["@oxlint/binding-linux-x64-musl@1.51.0", "", { "os": "linux", "cpu": "x64" }, "sha512-wD8HGTWhYBKXvRDvoBVB1y+fEYV01samhWQSy1Zkxq2vpezvMnjaFKRuiP6tBNITLGuffbNDEXOwcAhJ3gI5Ug=="],

    "@oxlint/binding-openharmony-arm64": ["@oxlint/binding-openharmony-arm64@1.51.0", "", { "os": "none", "cpu": "arm64" }, "sha512-5NSwQ2hDEJ0GPXqikjWtwzgAQCsS7P9aLMNenjjKa+gknN3lTCwwwERsT6lKXSirfU3jLjexA2XQvQALh5h27w=="],

    "@oxlint/binding-win32-arm64-msvc": ["@oxlint/binding-win32-arm64-msvc@1.51.0", "", { "os": "win32", "cpu": "arm64" }, "sha512-JEZyah1M0RHMw8d+jjSSJmSmO8sABA1J1RtrHYujGPeCkYg1NeH0TGuClpe2h5QtioRTaF57y/TZfn/2IFV6fA=="],

    "@oxlint/binding-win32-ia32-msvc": ["@oxlint/binding-win32-ia32-msvc@1.51.0", "", { "os": "win32", "cpu": "ia32" }, "sha512-q3cEoKH6kwjz/WRyHwSf0nlD2F5Qw536kCXvmlSu+kaShzgrA0ojmh45CA81qL+7udfCaZL2SdKCZlLiGBVFlg=="],

    "@oxlint/binding-win32-x64-msvc": ["@oxlint/binding-win32-x64-msvc@1.51.0", "", { "os": "win32", "cpu": "x64" }, "sha512-Q14+fOGb9T28nWF/0EUsYqERiRA7cl1oy4TJrGmLaqhm+aO2cV+JttboHI3CbdeMCAyDI1+NoSlrM7Melhp/cw=="],

    "@types/bun": ["@types/bun@1.4.2", "", { "dependencies": { "bun-types": "1.4.2" } }, "sha512-GimotNn7+ZV0uVArItBbriZsR1oNf0+WTzPkdcFrzShI7k2norL0uzEaJT8T33dWr7O/c9ZDuAFQrctKCi72oQ=="],

    "@types/jsdom": ["@types/jsdom@30.0.0", "", { "dependencies": { "@types/node": "*", "@types/tough-cookie": "*", "parse5": "^8.0.0", "undici-types": "^8.9.0" } }, "sha512-uAHGxujGE0cDaKGdK28zgDotFtNA7MKq5DXl8LrfdxdCI8VHcg15oJz+amHTChPNI5JpgEPQWc2xFdrw3em/nQ=="],

    "@types/node": ["@types/node@25.3.3", "", { "dependencies": { "undici-types": "~7.18.0" } }, "sha512-DpzbrH7wIcBaJibpKo9nnSQL0MTRdnWttGyE5haGwK86xgMOkFLp7vEyfQPGLOJh5wNYiJ3V9PmUMDhV9u8kkQ=="],

    "@types/tough-cookie": ["@types/tough-cookie@4.0.5", "", {}, "sha512-/Ad8+nIOV7Rl++6f1BdKxFSMgmoqEoYbHRpPcx3JEfv8VRsQe9Z4mCXeJBzxs7mbHY/XOZZuXlRNfhpVPbs6ZA=="],

    "@typescript/typescript-aix-ppc64": ["@typescript/typescript-aix-ppc64@7.0.2", "", { "os": "aix", "cpu": "ppc64" }, "sha512-MTKKkWB7p/0E9xi1d1tHtZ5PiLkGEMIq88pK2CubZjOsLtYTLqhgIgi6zepFa+9GHZ6h05NMCkQxGKiPXMxXtQ=="],

    "@typescript/typescript-darwin-arm64": ["@typescript/typescript-darwin-arm64@7.0.2", "", { "os": "darwin", "cpu": "arm64" }, "sha512-gowzar9MwS/aRWp6f3a4KUqzRjAZjOsmGNCM6LcTgXum+dBfgsBVMN+AgvOCCbguXyick6LJhpBszxMebJ8syA=="],

    "@typescript/typescript-darwin-x64": ["@typescript/typescript-darwin-x64@7.0.2", "", { "os": "darwin", "cpu": "x64" }, "sha512-SZ9xZInqApNlNGc9s0W1VSsktYSOe9cFqNOIqmN1Gs8SmkjKZYFt017G4VwPxASInODuAdbTW7sXiFUf893RgA=="],

    "@typescript/typescript-freebsd-arm64": ["@typescript/typescript-freebsd-arm64@7.0.2", "", { "os": "freebsd", "cpu": "arm64" }, "sha512-W5NH4y/J0plIIS5b2xvTEkU7JFxyqdMAOgf+Ilhl0vHQXKO5dZoxd+C/jEtq56c4F3wk71RB4BMRQ2XdI+bwYQ=="],

    "@typescript/typescript-freebsd-x64": ["@typescript/typescript-freebsd-x64@7.0.2", "", { "os": "freebsd", "cpu": "x64" }, "sha512-UMGDx5sTpzNw3WiPebH7l90IWfJggEd+egHt/q6p7/Cm3zqoV7VxkGXt+3DxPIw8CcmvAB0j3sVVfbhX+M4Tpw=="],

    "@typescript/typescript-linux-arm": ["@typescript/typescript-linux-arm@7.0.2", "", { "os": "linux", "cpu": "arm" }, "sha512-gffT3xPz9sR7j/YJExkyPntrI0P2EP9XbOyWzth2/Gs0RstK+90RBcO0ncXoXy/beYll1SXw846Nf2zdnEz0QQ=="],

    "@typescript/typescript-linux-arm64": ["@typescript/typescript-linux-arm64@7.0.2", "", { "os": "linux", "cpu": "arm64" }, "sha512-Qh4eU4/y3yDjnfjjyPYihMj5/ODIlmt+Bzu17OI+fiSRDW57QmU5SiN63exPRNJPKUzcc1INa1NXdrJ+MqHjUQ=="],

    "@typescript/typescript-linux-loong64": ["@typescript/typescript-linux-loong64@7.0.2", "", { "os": "linux", "cpu": "none" }, "sha512-uEHck9i8hoAzXPiYRib1O7miOnz23SxIeVl6F4LXox+qov1K35jHcEW6VHKvZI+pyvl7fZEP4MCU5LYvIq1GuQ=="],

    "@typescript/typescript-linux-mips64el": ["@typescript/typescript-linux-mips64el@7.0.2", "", { "os": "linux", "cpu": "none" }, "sha512-R4KvAMnE43W5Qeqb0Ly56O3mWMWIAgsMyz36DCaycd5nbg/9kzm0liw3JocfRqyJY0KPmzFjbswozXyW0DnIYA=="],

    "@typescript/typescript-linux-ppc64": ["@typescript/typescript-linux-ppc64@7.0.2", "", { "os": "linux", "cpu": "ppc64" }, "sha512-DORx5b3sd/4S7eayxm4FQv+A7CrkUIGRaHiwI8oiHTAI1fAPWhF4J0vAlkC8biAlHSVVwxMQ3tjZ2/DVbnQiiA=="],

    "@typescript/typescript-linux-riscv64": ["@typescript/typescript-linux-riscv64@7.0.2", "", { "os": "linux", "cpu": "none" }, "sha512-wf0jqEDOjrPRnKwYRyyJDRo11KMbvMFrU+q4zqKyChODBzvlkbhNQfKvLxQCcwTpdDaXSHZTVuh0JoCrKCUMHQ=="],

    "@typescript/typescript-linux-s390x": ["@typescript/typescript-linux-s390x@7.0.2", "", { "os": "linux", "cpu": "s390x" }, "sha512-IkwJc3L7yhytWd/ewjyxNDfOmswCm9GWMJT/ue/dU4aZNbwZeYAetq42VyLmsmSjvoX7z74X6ZaYCtzAr0EuGw=="],

    "@typescript/typescript-linux-x64": ["@typescript/typescript-linux-x64@7.0.2", "", { "os": "linux", "cpu": "x64" }, "sha512-EYdf2cNg7rgCWJnxCdJ+F3V39O8ihb37eHAu1LK8oAFizgTQbPOK7zHHXbPt8rX24COqODXeI3sIf0fCXG7H/A=="],

    "@typescript/typescript-netbsd-arm64": ["@typescript/typescript-netbsd-arm64@7.0.2", "", { "os": "none", "cpu": "arm64" }, "sha512-+polYF4MF04aPpO5FTkHran9yUQDSXqy5GiSDKpsll5jy3l3+g9QLhpf39T+ePtefhXLOGrLl0QIjkQP6VnelA=="],

    "@typescript/typescript-netbsd-x64": ["@typescript/typescript-netbsd-x64@7.0.2", "", { "os": "none", "cpu": "x64" }, "sha512-8YIT0EHM/3dq10ZOVF/A7pc/YSMtbcecct4rWtexrnSCHOPcpC2KTLXfTCR6vDpnSiY12heNb1GiN/wu+T/FyA=="],

    "@typescript/typescript-openbsd-arm64": ["@typescript/typescript-openbsd-arm64@7.0.2", "", { "os": "openbsd", "cpu": "arm64" }, "sha512-APT8+ClYnuYm1u9+kgGXoMj2VzWzcymwh2gNSQVySHfkRDGOTVkoWLjCmOQSaO+PoqQ57B0flRp9SA+7GnnkzQ=="],

    "@typescript/typescript-openbsd-x64": ["@typescript/typescript-openbsd-x64@7.0.2", "", { "os": "openbsd", "cpu": "x64" }, "sha512-yX7s+Q0Dln0Dt9tEzZsAjXXR/+ytBM7AlglaqyeMPxQszJ1JhlJdZ6jLA+IzldHtflX81em7lDao1xXu+aRRkg=="],

    "@typescript/typescript-sunos-x64": ["@typescript/typescript-sunos-x64@7.0.2", "", { "os": "sunos", "cpu": "x64" }, "sha512-dLJDGaLZ1D4HPQn62u1n8mBDkJREwMsAkCdkwd4Ieqw+x3TUyTsqY0YiBCtE6H6OzzgGk3iuZ3vFWRS+E8/d1g=="],

    "@typescript/typescript-win32-arm64": ["@typescript/typescript-win32-arm64@7.0.2", "", { "os": "win32", "cpu": "arm64" }, "sha512-Gyl1Vy6OsWesLzmq+EP0Fb7b4Nid5232AvcA2SFcdYreldpNtYFFofPjnt62y9hQy7VTaZp65ICJjuAQRaVcIQ=="],

    "@typescript/typescript-win32-x64": ["@typescript/typescript-win32-x64@7.0.2", "", { "os": "win32", "cpu": "x64" }, "sha512-0BQ3HkAHHlKLSp1qRvf3SUhGpGsDuhB/jgFw75guyqbxJqEaS0Cw/VFO8i2nHglJUzQCRtMMR/IBAKE3ETMC4g=="],

    "bidi-js": ["bidi-js@1.1.0", "", { "dependencies": { "require-from-string": "^2.0.2" } }, "sha512-fX1Onk0tdVPC7obPWB5EbJ1z7NVhLq4m2xZLq2YXBkxzMXIGRpNMU88n0EPgWseKl12J7zXs7qrDxPK4sRs2fg=="],

    "bun-types": ["bun-types@1.4.2", "", { "dependencies": { "@types/node": "*" } }, "sha512-bxV1FgK7yBIzjRe5zBozIM4Bem11ZJcCXSrjWRG3YWLt8yFDePu4cLjpebO8OvPeIE9trbyPF4fuj3Cia4Fj3w=="],

    "css-tree": ["css-tree@3.2.1", "", { "dependencies": { "mdn-data": "2.27.1", "source-map-js": "^1.2.1" } }, "sha512-X7sjQzceUhu1u7Y/ylrRZFU2FS6LRiFVp6rKLPg23y3x3c3DOKAwuXGDp+PAGjh6CSnCjYeAul8pcT8bAl+lSA=="],

    "data-urls": ["data-urls@8.0.0", "", { "dependencies": { "whatwg-mimetype": "^5.0.0", "whatwg-url": "^17.1.2" } }, "sha512-JQUCCK+/CAGbGGx618PlFZMXH81Jtj7t73CHv9dd/zVWvxgGT2zLFRjnKb+Ng46GIwcy+f7f88qd4duqllK+WQ=="],

    "decimal.js": ["decimal.js@10.6.0", "", {}, "sha512-YpgQiITW3JXGntzdUmyUR1V812Hn8T1YVXhCu+wO3OpS4eU9l4YdD3qjyiKdV6mvV29zapkMeD390UVEf2lkUg=="],

    "entities": ["entities@6.0.1", "", {}, "sha512-aN97NXWF6AWBTahfVOIrB/NShkzi5H7F9r1s9mD3cDj4Ko5f2qhhVoYMibXF7GlLveb/D2ioWay8lxI97Ven3g=="],

    "html-encoding-sniffer": ["html-encoding-sniffer@7.0.0", "", { "dependencies": { "@exodus/bytes": "^1.15.1" } }, "sha512-UikN5yr7xsCDAq87Or5or0PAlD3HJJOKVzM05az588WnpDJ4Ux7a2A53Qi6gofGg2/EtvF/H4hCi/TXfCW4Y6w=="],

    "is-potential-custom-element-name": ["is-potential-custom-element-name@1.0.1", "", {}, "sha512-bCYeRA2rVibKZd+s2625gGnGF/t7DSqDs4dP7CrLA1m7jKWz6pps0LpYLJN8Q64HtmPKJ1hrN3nzPNKFEKOUiQ=="],

    "jsdom": ["jsdom@30.1.2", "", { "dependencies": { "@asamuzakjp/css-color": "^7.1.3", "@asamuzakjp/dom-selector": "^9.2.4", "@bramus/specificity": "^2.4.2", "@csstools/css-syntax-patches-for-csstree": "^1.1.15", "@exodus/bytes": "^1.16.0", "css-tree": "^3.2.1", "data-urls": "^8.0.0", "decimal.js": "^10.6.0", "html-encoding-sniffer": "^7.0.0", "is-potential-custom-element-name": "^1.0.1", "lru-cache": "^11.5.3", "parse5": "^8.0.1", "saxes": "^6.0.0", "tough-cookie": "^6.0.2", "undici": "^8.11.2", "w3c-xmlserializer": "^6.0.0", "webidl-conversions": "^8.0.1", "whatwg-mimetype": "^5.0.0", "whatwg-url": "^17.2.0", "xml-name-validator": "^5.0.0" }, "peerDependencies": { "canvas": "^3.2.3" }, "optionalPeers": ["canvas"] }, "sha512-0FFE/jE1rppmVfUrJUgxqXjcwolZYIGtAgj1pTussMhNZxIxi7W/PvfWaMNroGi2B36X1IKHbexpZ9DhkoOPiQ=="],

    "lru-cache": ["lru-cache@11.5.3", "", {}, "sha512-U4N8FgzmWxc8k1VH8Kr6lQg18U7Fjvby6wXHVRX/ZZ7IwWbRMgrRbP0Wrb5q5NVinryp4SQampHKdvtecItxUg=="],

    "mdn-data": ["mdn-data@2.27.1", "", {}, "sha512-9Yubnt3e8A0OKwxYSXyhLymGW4sCufcLG6VdiDdUGVkPhpqLxlvP5vl1983gQjJl3tqbrM731mjaZaP68AgosQ=="],

    "oxfmt": ["oxfmt@0.71.0", "", { "dependencies": { "tinypool": "2.2.0" }, "optionalDependencies": { "@oxfmt/binding-android-arm-eabi": "0.71.0", "@oxfmt/binding-android-arm64": "0.71.0", "@oxfmt/binding-darwin-arm64": "0.71.0", "@oxfmt/binding-darwin-x64": "0.71.0", "@oxfmt/binding-freebsd-x64": "0.71.0", "@oxfmt/binding-linux-arm-gnueabihf": "0.71.0", "@oxfmt/binding-linux-arm-musleabihf": "0.71.0", "@oxfmt/binding-linux-arm64-gnu": "0.71.0", "@oxfmt/binding-linux-arm64-musl": "0.71.0", "@oxfmt/binding-linux-ppc64-gnu": "0.71.0", "@oxfmt/binding-linux-riscv64-gnu": "0.71.0", "@oxfmt/binding-linux-riscv64-musl": "0.71.0", "@oxfmt/binding-linux-s390x-gnu": "0.71.0", "@oxfmt/binding-linux-x64-gnu": "0.71.0", "@oxfmt/binding-linux-x64-musl": "0.71.0", "@oxfmt/binding-openharmony-arm64": "0.71.0", "@oxfmt/binding-win32-arm64-msvc": "0.71.0", "@oxfmt/binding-win32-ia32-msvc": "0.71.0", "@oxfmt/binding-win32-x64-msvc": "0.71.0" }, "peerDependencies": { "svelte": "^5.0.0", "vite-plus": "*" }, "optionalPeers": ["svelte", "vite-plus"], "bin": { "oxfmt": "bin/oxfmt" } }, "sha512-lUPUl0d/+Io5pDrsPXWs6rB4N/bpB78oj9CTDpnbulfDz+0r3XXcHPlQ7kRPJ2GjIT4nX+/mcqunOeP9BvsEtg=="],

    "oxlint": ["oxlint@1.51.0", "", { "optionalDependencies": { "@oxlint/binding-android-arm-eabi": "1.51.0", "@oxlint/binding-android-arm64": "1.51.0", "@oxlint/binding-darwin-arm64": "1.51.0", "@oxlint/binding-darwin-x64": "1.51.0", "@oxlint/binding-freebsd-x64": "1.51.0", "@oxlint/binding-linux-arm-gnueabihf": "1.51.0", "@oxlint/binding-linux-arm-musleabihf": "1.51.0", "@oxlint/binding-linux-arm64-gnu": "1.51.0", "@oxlint/binding-linux-arm64-musl": "1.51.0", "@oxlint/binding-linux-ppc64-gnu": "1.51.0", "@oxlint/binding-linux-riscv64-gnu": "1.51.0", "@oxlint/binding-linux-riscv64-musl": "1.51.0", "@oxlint/binding-linux-s390x-gnu": "1.51.0", "@oxlint/binding-linux-x64-gnu": "1.51.0", "@oxlint/binding-linux-x64-musl": "1.51.0", "@oxlint/binding-openharmony-arm64": "1.51.0", "@oxlint/binding-win32-arm64-msvc": "1.51.0", "@oxlint/binding-win32-ia32-msvc": "1.51.0", "@oxlint/binding-win32-x64-msvc": "1.51.0" }, "peerDependencies": { "oxlint-tsgolint": ">=0.15.0" }, "optionalPeers": ["oxlint-tsgolint"], "bin": { "oxlint": "bin/oxlint" } }, "sha512-g6DNPaV9/WI9MoX2XllafxQuxwY1TV++j7hP8fTJByVBuCoVtm3dy9f/2vtH/HU40JztcgWF4G7ua+gkainklQ=="],

    "parse5": ["parse5@8.0.0", "", { "dependencies": { "entities": "^6.0.0" } }, "sha512-9m4m5GSgXjL4AjumKzq1Fgfp3Z8rsvjRNbnkVwfu2ImRqE5D0LnY2QfDen18FSY9C573YU5XxSapdHZTZ2WolA=="],

    "punycode": ["punycode@2.3.1", "", {}, "sha512-vYt7UD1U9Wg6138shLtLOvdAu+8DsC/ilFtEVHcH+wydcSpNE20AfSOduf6MkRFahL5FY7X1oU7nKVZFtfq8Fg=="],

    "require-from-string": ["require-from-string@2.0.2", "", {}, "sha512-Xf0nWe6RseziFMu+Ap9biiUbmplq6S9/p+7w7YXP/JBHhrUDDUhwa+vANyubuqfZWTveU//DYVGsDG7RKL/vEw=="],

    "saxes": ["saxes@6.0.0", "", { "dependencies": { "xmlchars": "^2.2.0" } }, "sha512-xAg7SOnEhrm5zI3puOOKyy1OMcMlIJZYNJY7xLBwSze0UjhPLnWfj2GF2EpT0jmzaJKIWKHLsaSSajf35bcYnA=="],

    "source-map-js": ["source-map-js@1.2.1", "", {}, "sha512-UXWMKhLOwVKb728IUtQPXxfYU+usdybtUrK/8uGE8CQMvrhOpwvzDBwj0QhSL7MQc7vIsISBG8VQ8+IDQxpfQA=="],

    "tinypool": ["tinypool@2.2.0", "", {}, "sha512-jBrmx4lYmaC9k/mgPbylxs7kBUxHtD8256up+HjLaDFfXScKJQyil+SWXSvhAtT7XHo+yTVlpB81PGmHP8oLSQ=="],

    "tldts": ["tldts@7.0.24", "", { "dependencies": { "tldts-core": "^7.0.24" }, "bin": { "tldts": "bin/cli.js" } }, "sha512-1r6vQTTt1rUiJkI5vX7KG8PR342Ru/5Oh13kEQP2SMbRSZpOey9SrBe27IDxkoWulx8ShWu4K6C0BkctP8Z1bQ=="],

    "tldts-core": ["tldts-core@7.0.24", "", {}, "sha512-pj7yygNMoMRqG7ML2SDQ0xNIOfN3IBDUcPVM2Sg6hP96oFNN2nqnzHreT3z9xLq85IWJyNTvD38O002DdOrPMw=="],

    "tough-cookie": ["tough-cookie@6.0.2", "", { "dependencies": { "tldts": "^7.0.5" } }, "sha512-exgYmnmL/sJpR3upZfXG5PoatXQii55xAiXGXzY+sROLZ/Y+SLcp9PgJNI9Vz37HpQ74WvDcLT8eqm+kV3FzrA=="],

    "tr46": ["tr46@7.0.0", "", { "dependencies": { "punycode": "^2.3.1" } }, "sha512-BcDSDW+SIGWVOns1Zm6Yg91q9AEj7eaID0QDY9oIqJD1A8dscNwMcl9Sms2DeuWCNov1X0/oXanHGYQBSLwZsg=="],

    "typescript": ["typescript@7.0.2", "", { "optionalDependencies": { "@typescript/typescript-aix-ppc64": "7.0.2", "@typescript/typescript-darwin-arm64": "7.0.2", "@typescript/typescript-darwin-x64": "7.0.2", "@typescript/typescript-freebsd-arm64": "7.0.2", "@typescript/typescript-freebsd-x64": "7.0.2", "@typescript/typescript-linux-arm": "7.0.2", "@typescript/typescript-linux-arm64": "7.0.2", "@typescript/typescript-linux-loong64": "7.0.2", "@typescript/typescript-linux-mips64el": "7.0.2", "@typescript/typescript-linux-ppc64": "7.0.2", "@typescript/typescript-linux-riscv64": "7.0.2", "@typescript/typescript-linux-s390x": "7.0.2", "@typescript/typescript-linux-x64": "7.0.2", "@typescript/typescript-netbsd-arm64": "7.0.2", "@typescript/typescript-netbsd-x64": "7.0.2", "@typescript/typescript-openbsd-arm64": "7.0.2", "@typescript/typescript-openbsd-x64": "7.0.2", "@typescript/typescript-sunos-x64": "7.0.2", "@typescript/typescript-win32-arm64": "7.0.2", "@typescript/typescript-win32-x64": "7.0.2" }, "bin": { "tsc": "bin/tsc" } }, "sha512-8FYau96o3NKOhbjKi/qNvG/W5jhzxkbdm5sj9AbZ/5T5sWqn3hJgLfGx27sRKZWTvyzCP8dLRBTf5tBTSRVUNA=="],

    "undici": ["undici@8.11.2", "", {}, "sha512-u4UB2/IrKdU6lFxumHmmo1a3fCQO5tzQllRorfoRS63txhrB7xTpSn1PftwC4qEHkOaqP95fCWW4lJzwErwzhQ=="],

    "undici-types": ["undici-types@8.11.2", "", {}, "sha512-iMVNmWZ0leK/goS6eXMizSzmm9CDWtyphwbaCms3DNLqRxDL+mMoNVcZMTyyVgXP0N+Z8neAMzDoUOUJL8veKg=="],

    "w3c-xmlserializer": ["w3c-xmlserializer@6.0.0", "", { "dependencies": { "xml-name-validator": "^5.0.0" } }, "sha512-4Nsy8K5Tr6SPDH9jhKJOHf7ChDrc1zufZTVSF7x72hwuEXBqxqk9G6cK+K2NRUtB3iELRJqjXb4JPDMBjMTl2Q=="],

    "webidl-conversions": ["webidl-conversions@8.0.1", "", {}, "sha512-BMhLD/Sw+GbJC21C/UgyaZX41nPt8bUTg+jWyDeg7e7YN4xOM05YPSIXceACnXVtqyEw/LMClUQMtMZ+PGGpqQ=="],

    "whatwg-mimetype": ["whatwg-mimetype@5.0.0", "", {}, "sha512-sXcNcHOC51uPGF0P/D4NVtrkjSU2fNsm9iog4ZvZJsL3rjoDAzXZhkm2MWt1y+PUdggKAYVoMAIYcs78wJ51Cw=="],

    "whatwg-url": ["whatwg-url@17.2.0", "", { "dependencies": { "@exodus/bytes": "^1.16.0", "tr46": "^7.0.0", "webidl-conversions": "^8.0.1" } }, "sha512-IhLIHNcBrzIixC5XXsbr4DxdjajyA5vQ5RwGZMtrUp+GbtE5Nrsge9QKau7jXrC0aTXLYGV0xiW7Tb4YS2aomw=="],

    "xml-name-validator": ["xml-name-validator@5.0.0", "", {}, "sha512-EvGK8EJ3DhaHfbRlETOWAS5pO9MZITeauHKJyb8wyajUfQUenkIg2MvLDTZ4T/TgIcm3HU0TFBgWWboAZ30UHg=="],

    "xmlchars": ["xmlchars@2.2.0", "", {}, "sha512-JZnDKK8B0RCDw84FNdDAIpZK+JuJw+s7Lz8nksI7SIuU3UXJJslUthsi+uWBUYOwPFwW7W7PRLRfUKpxjtjFCw=="],

    "@bramus/specificity/css-tree": ["css-tree@3.1.0", "", { "dependencies": { "mdn-data": "2.12.2", "source-map-js": "^1.0.1" } }, "sha512-0eW44TGN5SQXU1mWSkKwFstI/22X2bG1nYzZTYMAWjylYURhse752YgbE4Cx46AC+bAvI+/dYTPRk1LqSUnu6w=="],

    "@types/node/undici-types": ["undici-types@7.18.2", "", {}, "sha512-AsuCzffGHJybSaRrmr5eHr81mwJU3kjw6M+uprWvCXiNeN9SOGwQ3Jn8jb8m3Z6izVgknn1R0FTCEAP2QrLY/w=="],

    "jsdom/parse5": ["parse5@8.0.1", "", { "dependencies": { "entities": "^8.0.0" } }, "sha512-z1e/HMG90obSGeidlli3hj7cbocou0/wa5HacvI3ASx34PecNjNQeaHNo5WIZpWofN9kgkqV1q5YvXe3F0FoPw=="],

    "@bramus/specificity/css-tree/mdn-data": ["mdn-data@2.12.2", "", {}, "sha512-IEn+pegP1aManZuckezWCO+XZQDplx1366JoVhTpMpBB1sPey/SbveZQUosKiKiGYjg1wH4pMlNgXbCiYgihQA=="],

    "jsdom/parse5/entities": ["entities@8.1.0", "", {}, "sha512-kxL7msIffSuh9aaFAMD7rxAIuTRMAHMeBtgHW2yUdWw732ZNh4MehkF2gdjvtdmikkaIP9bFDDJOPlsvm7avrA=="],
  }
}
