{
  "lockfileVersion": 1,
  "configVersion": 1,
  "workspaces": {
    "": {
      "name": "dongtai-sub",
      "dependencies": {
        "jsdom": "^28.0.0",
      },
      "devDependencies": {
        "@types/bun": "^1.3.9",
        "@types/jsdom": "^28.0.0",
        "@typescript/native-preview": "^7.0.0-dev.20260303.1",
        "oxfmt": "^0.36.0",
        "oxlint": "^1.51.0",
      },
    },
  },
  "packages": {
    "@acemir/cssom": ["@acemir/cssom@0.9.31", "", {}, "sha512-ZnR3GSaH+/vJ0YlHau21FjfLYjMpYVIzTD8M8vIEQvIGxeOXyXdzCI140rrCY862p/C/BbzWsjc1dgnM9mkoTA=="],

    "@asamuzakjp/css-color": ["@asamuzakjp/css-color@5.0.1", "", { "dependencies": { "@csstools/css-calc": "^3.1.1", "@csstools/css-color-parser": "^4.0.2", "@csstools/css-parser-algorithms": "^4.0.0", "@csstools/css-tokenizer": "^4.0.0", "lru-cache": "^11.2.6" } }, "sha512-2SZFvqMyvboVV1d15lMf7XiI3m7SDqXUuKaTymJYLN6dSGadqp+fVojqJlVoMlbZnlTmu3S0TLwLTJpvBMO1Aw=="],

    "@asamuzakjp/dom-selector": ["@asamuzakjp/dom-selector@6.8.1", "", { "dependencies": { "@asamuzakjp/nwsapi": "^2.3.9", "bidi-js": "^1.0.3", "css-tree": "^3.1.0", "is-potential-custom-element-name": "^1.0.1", "lru-cache": "^11.2.6" } }, "sha512-MvRz1nCqW0fsy8Qz4dnLIvhOlMzqDVBabZx6lH+YywFDdjXhMY37SmpV1XFX3JzG5GWHn63j6HX6QPr3lZXHvQ=="],

    "@asamuzakjp/nwsapi": ["@asamuzakjp/nwsapi@2.3.9", "", {}, "sha512-n8GuYSrI9bF7FFZ/SjhwevlHc8xaVlb/7HmHelnc/PZXBD2ZR49NnN9sMMuDdEGPeeRQ5d0hqlSlEpgCX3Wl0Q=="],

    "@bramus/specificity": ["@bramus/specificity@2.4.2", "", { "dependencies": { "css-tree": "^3.0.0" }, "bin": { "specificity": "bin/cli.js" } }, "sha512-ctxtJ/eA+t+6q2++vj5j7FYX3nRu311q1wfYH3xjlLOsczhlhxAg2FWNUXhpGvAw3BWo1xBcvOV6/YLc2r5FJw=="],

    "@csstools/color-helpers": ["@csstools/color-helpers@6.0.2", "", {}, "sha512-LMGQLS9EuADloEFkcTBR3BwV/CGHV7zyDxVRtVDTwdI2Ca4it0CCVTT9wCkxSgokjE5Ho41hEPgb8OEUwoXr6Q=="],

    "@csstools/css-calc": ["@csstools/css-calc@3.1.1", "", { "peerDependencies": { "@csstools/css-parser-algorithms": "^4.0.0", "@csstools/css-tokenizer": "^4.0.0" } }, "sha512-HJ26Z/vmsZQqs/o3a6bgKslXGFAungXGbinULZO3eMsOyNJHeBBZfup5FiZInOghgoM4Hwnmw+OgbJCNg1wwUQ=="],

    "@csstools/css-color-parser": ["@csstools/css-color-parser@4.0.2", "", { "dependencies": { "@csstools/color-helpers": "^6.0.2", "@csstools/css-calc": "^3.1.1" }, "peerDependencies": { "@csstools/css-parser-algorithms": "^4.0.0", "@csstools/css-tokenizer": "^4.0.0" } }, "sha512-0GEfbBLmTFf0dJlpsNU7zwxRIH0/BGEMuXLTCvFYxuL1tNhqzTbtnFICyJLTNK4a+RechKP75e7w42ClXSnJQw=="],

    "@csstools/css-parser-algorithms": ["@csstools/css-parser-algorithms@4.0.0", "", { "peerDependencies": { "@csstools/css-tokenizer": "^4.0.0" } }, "sha512-+B87qS7fIG3L5h3qwJ/IFbjoVoOe/bpOdh9hAjXbvx0o8ImEmUsGXN0inFOnk2ChCFgqkkGFQ+TpM5rbhkKe4w=="],

    "@csstools/css-syntax-patches-for-csstree": ["@csstools/css-syntax-patches-for-csstree@1.0.29", "", {}, "sha512-jx9GjkkP5YHuTmko2eWAvpPnb0mB4mGRr2U7XwVNwevm8nlpobZEVk+GNmiYMk2VuA75v+plfXWyroWKmICZXg=="],

    "@csstools/css-tokenizer": ["@csstools/css-tokenizer@4.0.0", "", {}, "sha512-QxULHAm7cNu72w97JUNCBFODFaXpbDg+dP8b/oWFAZ2MTRppA3U00Y2L1HqaS4J6yBqxwa/Y3nMBaxVKbB/NsA=="],

    "@exodus/bytes": ["@exodus/bytes@1.14.1", "", { "peerDependencies": { "@noble/hashes": "^1.8.0 || ^2.0.0" }, "optionalPeers": ["@noble/hashes"] }, "sha512-OhkBFWI6GcRMUroChZiopRiSp2iAMvEBK47NhJooDqz1RERO4QuZIZnjP63TXX8GAiLABkYmX+fuQsdJ1dd2QQ=="],

    "@oxfmt/binding-android-arm-eabi": ["@oxfmt/binding-android-arm-eabi@0.36.0", "", { "os": "android", "cpu": "arm" }, "sha512-Z4yVHJWx/swHHjtr0dXrBZb6LxS+qNz1qdza222mWwPTUK4L790+5i3LTgjx3KYGBzcYpjaiZBw4vOx94dH7MQ=="],

    "@oxfmt/binding-android-arm64": ["@oxfmt/binding-android-arm64@0.36.0", "", { "os": "android", "cpu": "arm64" }, "sha512-3ElCJRFNPQl7jexf2CAa9XmAm8eC5JPrIDSjc9jSchkVSFTEqyL0NtZinBB2h1a4i4JgP1oGl/5G5n8YR4FN8Q=="],

    "@oxfmt/binding-darwin-arm64": ["@oxfmt/binding-darwin-arm64@0.36.0", "", { "os": "darwin", "cpu": "arm64" }, "sha512-nak4znWCqIExKhYSY/mz/lWsqWIpdsS7o0+SRzXR1Q0m7GrMcG1UrF1pS7TLGZhhkf7nTfEF7q6oZzJiodRDuw=="],

    "@oxfmt/binding-darwin-x64": ["@oxfmt/binding-darwin-x64@0.36.0", "", { "os": "darwin", "cpu": "x64" }, "sha512-V4GP96thDnpKx6ADnMDnhIXNdtV+Ql9D4HUU+a37VTeVbs5qQSF/s6hhUP1b3xUqU7iRcwh72jUU2Y12rtGHAw=="],

    "@oxfmt/binding-freebsd-x64": ["@oxfmt/binding-freebsd-x64@0.36.0", "", { "os": "freebsd", "cpu": "x64" }, "sha512-/xapWCADfI5wrhxpEUjhI9fnw7MV5BUZizVa8e24n3VSK6A3Y1TB/ClOP1tfxNspykFKXp4NBWl6NtDJP3osqQ=="],

    "@oxfmt/binding-linux-arm-gnueabihf": ["@oxfmt/binding-linux-arm-gnueabihf@0.36.0", "", { "os": "linux", "cpu": "arm" }, "sha512-1lOmv61XMFIH5uNm27620kRRzWt/RK6tdn250BRDoG9W7OXGOQ5UyI1HVT+SFkoOoKztBiinWgi68+NA1MjBVQ=="],

    "@oxfmt/binding-linux-arm-musleabihf": ["@oxfmt/binding-linux-arm-musleabihf@0.36.0", "", { "os": "linux", "cpu": "arm" }, "sha512-vMH23AskdR1ujUS9sPck2Df9rBVoZUnCVY86jisILzIQ/QQ/yKUTi7tgnIvydPx7TyB/48wsQ5QMr5Knq5p/aw=="],

    "@oxfmt/binding-linux-arm64-gnu": ["@oxfmt/binding-linux-arm64-gnu@0.36.0", "", { "os": "linux", "cpu": "arm64" }, "sha512-Hy1V+zOBHpBiENRx77qrUTt5aPDHeCASRc8K5KwwAHkX2AKP0nV89eL17hsZrE9GmnXFjsNmd80lyf7aRTXsbw=="],

    "@oxfmt/binding-linux-arm64-musl": ["@oxfmt/binding-linux-arm64-musl@0.36.0", "", { "os": "linux", "cpu": "arm64" }, "sha512-SPGLJkOIHSIC6ABUQ5V8NqJpvYhMJueJv26NYqfCnwi/Mn6A61amkpJJ9Suy0Nmvs+OWESJpcebrBUbXPGZyQQ=="],

    "@oxfmt/binding-linux-ppc64-gnu": ["@oxfmt/binding-linux-ppc64-gnu@0.36.0", "", { "os": "linux", "cpu": "ppc64" }, "sha512-3EuoyB8x9x8ysYJjbEO/M9fkSk72zQKnXCvpZMDHXlnY36/1qMp55Nm0PrCwjGO/1pen5hdOVkz9WmP3nAp2IQ=="],

    "@oxfmt/binding-linux-riscv64-gnu": ["@oxfmt/binding-linux-riscv64-gnu@0.36.0", "", { "os": "linux", "cpu": "none" }, "sha512-MpY3itLwpGh8dnywtrZtaZ604T1m715SydCKy0+qTxetv+IHzuA+aO/AGzrlzUNYZZmtWtmDBrChZGibvZxbRQ=="],

    "@oxfmt/binding-linux-riscv64-musl": ["@oxfmt/binding-linux-riscv64-musl@0.36.0", "", { "os": "linux", "cpu": "none" }, "sha512-mmDhe4Vtx+XwQPRPn/V25+APnkApYgZ23q+6GVsNYY98pf3aU0aI3Me96pbRs/AfJ1jIiGC+/6q71FEu8dHcHw=="],

    "@oxfmt/binding-linux-s390x-gnu": ["@oxfmt/binding-linux-s390x-gnu@0.36.0", "", { "os": "linux", "cpu": "s390x" }, "sha512-AYXhU+DmNWLSnvVwkHM92fuYhogtVHab7UQrPNaDf1sxadugg9gWVmcgJDlIwxJdpk5CVW/TFvwUKwI432zhhA=="],

    "@oxfmt/binding-linux-x64-gnu": ["@oxfmt/binding-linux-x64-gnu@0.36.0", "", { "os": "linux", "cpu": "x64" }, "sha512-H16QhhQ3usoakMleiAAQ2mg0NsBDAdyE9agUgfC8IHHh3jZEbr0rIKwjEqwbOHK5M0EmfhJmr+aGO/MgZPsneA=="],

    "@oxfmt/binding-linux-x64-musl": ["@oxfmt/binding-linux-x64-musl@0.36.0", "", { "os": "linux", "cpu": "x64" }, "sha512-EFFGkixA39BcmHiCe2ECdrq02D6FCve5ka6ObbvrheXl4V+R0U/E+/uLyVx1X65LW8TA8QQHdnbdDallRekohw=="],

    "@oxfmt/binding-openharmony-arm64": ["@oxfmt/binding-openharmony-arm64@0.36.0", "", { "os": "none", "cpu": "arm64" }, "sha512-zr/t369wZWFOj1qf06Z5gGNjFymfUNDrxKMmr7FKiDRVI1sNsdKRCuRL4XVjtcptKQ+ao3FfxLN1vrynivmCYg=="],

    "@oxfmt/binding-win32-arm64-msvc": ["@oxfmt/binding-win32-arm64-msvc@0.36.0", "", { "os": "win32", "cpu": "arm64" }, "sha512-FxO7UksTv8h4olzACgrqAXNF6BP329+H322323iDrMB5V/+a1kcAw07fsOsUmqNrb9iJBsCQgH/zqcqp5903ag=="],

    "@oxfmt/binding-win32-ia32-msvc": ["@oxfmt/binding-win32-ia32-msvc@0.36.0", "", { "os": "win32", "cpu": "ia32" }, "sha512-OjoMQ89H01M0oLMfr/CPNH1zi48ZIwxAKObUl57oh7ssUBNDp/2Vjf7E1TQ8M4oj4VFQ/byxl2SmcPNaI2YNDg=="],

    "@oxfmt/binding-win32-x64-msvc": ["@oxfmt/binding-win32-x64-msvc@0.36.0", "", { "os": "win32", "cpu": "x64" }, "sha512-MoyeQ9S36ZTz/4bDhOKJgOBIDROd4dQ5AkT9iezhEaUBxAPdNX9Oq0jD8OSnCj3G4wam/XNxVWKMA52kmzmPtQ=="],

    "@oxlint/binding-android-arm-eabi": ["@oxlint/binding-android-arm-eabi@1.51.0", "", { "os": "android", "cpu": "arm" }, "sha512-jJYIqbx4sX+suIxWstc4P7SzhEwb4ArWA2KVrmEuu9vH2i0qM6QIHz/ehmbGE4/2fZbpuMuBzTl7UkfNoqiSgw=="],

    "@oxlint/binding-android-arm64": ["@oxlint/binding-android-arm64@1.51.0", "", { "os": "android", "cpu": "arm64" }, "sha512-GtXyBCcH4ti98YdiMNCrpBNGitx87EjEWxevnyhcBK12k/Vu4EzSB45rzSC4fGFUD6sQgeaxItRCEEWeVwPafw=="],

    "@oxlint/binding-darwin-arm64": ["@oxlint/binding-darwin-arm64@1.51.0", "", { "os": "darwin", "cpu": "arm64" }, "sha512-3QJbeYaMHn6Bh2XeBXuITSsbnIctyTjvHf5nRjKYrT9pPeErNIpp5VDEeAXC0CZSwSVTsc8WOSDwgrAI24JolQ=="],

    "@oxlint/binding-darwin-x64": ["@oxlint/binding-darwin-x64@1.51.0", "", { "os": "darwin", "cpu": "x64" }, "sha512-NzErhMaTEN1cY0E8C5APy74lw5VwsNfJfVPBMWPVQLqAbO0k4FFLjvHURvkUL+Y18Wu+8Vs1kbqPh2hjXYA4pg=="],

    "@oxlint/binding-freebsd-x64": ["@oxlint/binding-freebsd-x64@1.51.0", "", { "os": "freebsd", "cpu": "x64" }, "sha512-msAIh3vPAoKoHlOE/oe6Q5C/n9umypv/k81lED82ibrJotn+3YG2Qp1kiR8o/Dg5iOEU97c6tl0utxcyFenpFw=="],

    "@oxlint/binding-linux-arm-gnueabihf": ["@oxlint/binding-linux-arm-gnueabihf@1.51.0", "", { "os": "linux", "cpu": "arm" }, "sha512-CqQPcvqYyMe9ZBot2stjGogEzk1z8gGAngIX7srSzrzexmXixwVxBdFZyxTVM0CjGfDeV+Ru0w25/WNjlMM2Hw=="],

    "@oxlint/binding-linux-arm-musleabihf": ["@oxlint/binding-linux-arm-musleabihf@1.51.0", "", { "os": "linux", "cpu": "arm" }, "sha512-dstrlYQgZMnyOssxSbolGCge/sDbko12N/35RBNuqLpoPbft2aeBidBAb0dvQlyBd9RJ6u8D4o4Eh8Un6iTgyQ=="],

    "@oxlint/binding-linux-arm64-gnu": ["@oxlint/binding-linux-arm64-gnu@1.51.0", "", { "os": "linux", "cpu": "arm64" }, "sha512-QEjUpXO7d35rP1/raLGGbAsBLLGZIzV3ZbeSjqWlD3oRnxpRIZ6iL4o51XQHkconn3uKssc+1VKdtHJ81BBhDA=="],

    "@oxlint/binding-linux-arm64-musl": ["@oxlint/binding-linux-arm64-musl@1.51.0", "", { "os": "linux", "cpu": "arm64" }, "sha512-YSJua5irtG4DoMAjUapDTPhkQLHhBIY0G9JqlZS6/SZPzqDkPku/1GdWs0D6h/wyx0Iz31lNCfIaWKBQhzP0wQ=="],

    "@oxlint/binding-linux-ppc64-gnu": ["@oxlint/binding-linux-ppc64-gnu@1.51.0", "", { "os": "linux", "cpu": "ppc64" }, "sha512-7L4Wj2IEUNDETKssB9IDYt16T6WlF+X2jgC/hBq3diGHda9vJLpAgb09+D3quFq7TdkFtI7hwz/jmuQmQFPc1Q=="],

    "@oxlint/binding-linux-riscv64-gnu": ["@oxlint/binding-linux-riscv64-gnu@1.51.0", "", { "os": "linux", "cpu": "none" }, "sha512-cBUHqtOXy76G41lOB401qpFoKx1xq17qYkhWrLSM7eEjiHM9sOtYqpr6ZdqCnN9s6ZpzudX4EkeHOFH2E9q0vA=="],

    "@oxlint/binding-linux-riscv64-musl": ["@oxlint/binding-linux-riscv64-musl@1.51.0", "", { "os": "linux", "cpu": "none" }, "sha512-WKbg8CysgZcHfZX0ixQFBRSBvFZUHa3SBnEjHY2FVYt2nbNJEjzTxA3ZR5wMU0NOCNKIAFUFvAh5/XJKPRJuJg=="],

    "@oxlint/binding-linux-s390x-gnu": ["@oxlint/binding-linux-s390x-gnu@1.51.0", "", { "os": "linux", "cpu": "s390x" }, "sha512-N1QRUvJTxqXNSu35YOufdjsAVmKVx5bkrggOWAhTWBc3J4qjcBwr1IfyLh/6YCg8sYRSR1GraldS9jUgJL/U4A=="],

    "@oxlint/binding-linux-x64-gnu": ["@oxlint/binding-linux-x64-gnu@1.51.0", "", { "os": "linux", "cpu": "x64" }, "sha512-e0Mz0DizsCoqNIjeOg6OUKe8JKJWZ5zZlwsd05Bmr51Jo3AOL4UJnPvwKumr4BBtBrDZkCmOLhCvDGm95nJM2g=="],

    "@oxlint/binding-linux-x64-musl": ["@oxlint/binding-linux-x64-musl@1.51.0", "", { "os": "linux", "cpu": "x64" }, "sha512-wD8HGTWhYBKXvRDvoBVB1y+fEYV01samhWQSy1Zkxq2vpezvMnjaFKRuiP6tBNITLGuffbNDEXOwcAhJ3gI5Ug=="],

    "@oxlint/binding-openharmony-arm64": ["@oxlint/binding-openharmony-arm64@1.51.0", "", { "os": "none", "cpu": "arm64" }, "sha512-5NSwQ2hDEJ0GPXqikjWtwzgAQCsS7P9aLMNenjjKa+gknN3lTCwwwERsT6lKXSirfU3jLjexA2XQvQALh5h27w=="],

    "@oxlint/binding-win32-arm64-msvc": ["@oxlint/binding-win32-arm64-msvc@1.51.0", "", { "os": "win32", "cpu": "arm64" }, "sha512-JEZyah1M0RHMw8d+jjSSJmSmO8sABA1J1RtrHYujGPeCkYg1NeH0TGuClpe2h5QtioRTaF57y/TZfn/2IFV6fA=="],

    "@oxlint/binding-win32-ia32-msvc": ["@oxlint/binding-win32-ia32-msvc@1.51.0", "", { "os": "win32", "cpu": "ia32" }, "sha512-q3cEoKH6kwjz/WRyHwSf0nlD2F5Qw536kCXvmlSu+kaShzgrA0ojmh45CA81qL+7udfCaZL2SdKCZlLiGBVFlg=="],

    "@oxlint/binding-win32-x64-msvc": ["@oxlint/binding-win32-x64-msvc@1.51.0", "", { "os": "win32", "cpu": "x64" }, "sha512-Q14+fOGb9T28nWF/0EUsYqERiRA7cl1oy4TJrGmLaqhm+aO2cV+JttboHI3CbdeMCAyDI1+NoSlrM7Melhp/cw=="],

    "@types/bun": ["@types/bun@1.3.10", "", { "dependencies": { "bun-types": "1.3.10" } }, "sha512-0+rlrUrOrTSskibryHbvQkDOWRJwJZqZlxrUs1u4oOoTln8+WIXBPmAuCF35SWB2z4Zl3E84Nl/D0P7803nigQ=="],

    "@types/jsdom": ["@types/jsdom@28.0.0", "", { "dependencies": { "@types/node": "*", "@types/tough-cookie": "*", "parse5": "^7.0.0", "undici-types": "^7.21.0" } }, "sha512-A8TBQQC/xAOojy9kM8E46cqT00sF0h7dWjV8t8BJhUi2rG6JRh7XXQo/oLoENuZIQEpXsxLccLCnknyQd7qssQ=="],

    "@types/node": ["@types/node@25.3.3", "", { "dependencies": { "undici-types": "~7.18.0" } }, "sha512-DpzbrH7wIcBaJibpKo9nnSQL0MTRdnWttGyE5haGwK86xgMOkFLp7vEyfQPGLOJh5wNYiJ3V9PmUMDhV9u8kkQ=="],

    "@types/tough-cookie": ["@types/tough-cookie@4.0.5", "", {}, "sha512-/Ad8+nIOV7Rl++6f1BdKxFSMgmoqEoYbHRpPcx3JEfv8VRsQe9Z4mCXeJBzxs7mbHY/XOZZuXlRNfhpVPbs6ZA=="],

    "@typescript/native-preview": ["@typescript/native-preview@7.0.0-dev.20260303.1", "", { "optionalDependencies": { "@typescript/native-preview-darwin-arm64": "7.0.0-dev.20260303.1", "@typescript/native-preview-darwin-x64": "7.0.0-dev.20260303.1", "@typescript/native-preview-linux-arm": "7.0.0-dev.20260303.1", "@typescript/native-preview-linux-arm64": "7.0.0-dev.20260303.1", "@typescript/native-preview-linux-x64": "7.0.0-dev.20260303.1", "@typescript/native-preview-win32-arm64": "7.0.0-dev.20260303.1", "@typescript/native-preview-win32-x64": "7.0.0-dev.20260303.1" }, "bin": { "tsgo": "bin/tsgo.js" } }, "sha512-BDHJjXlPldInEogbzAc7OCLvT75p3rdkmb5YIA6Je0vjg+5z1UQp3moAvcBGvZQflO/gusOd9a74EfrMVUU/4g=="],

    "@typescript/native-preview-darwin-arm64": ["@typescript/native-preview-darwin-arm64@7.0.0-dev.20260303.1", "", { "os": "darwin", "cpu": "arm64" }, "sha512-jIIQWmFi0bJY4ML8/7eyz1EGpkI6E0R1E5l4lxJdV/orpMr91vYfAajKICs7DUiMGEJX9HpeiA6TD2piw4DKPQ=="],

    "@typescript/native-preview-darwin-x64": ["@typescript/native-preview-darwin-x64@7.0.0-dev.20260303.1", "", { "os": "darwin", "cpu": "x64" }, "sha512-UkaK+J3f185VXBiAGNG4UKHjGzn4R/nhAz5tArnCKHnIUI7rEnsIm4Xlo5YwmgIATFMU1sVwWUwRshVkMVeFAw=="],

    "@typescript/native-preview-linux-arm": ["@typescript/native-preview-linux-arm@7.0.0-dev.20260303.1", "", { "os": "linux", "cpu": "arm" }, "sha512-H84jTRYqUfc/vhuVGQ6VKcBvJoZ4YmomWDx9U4uwYgW6eoUcRpDXqv3S3YqcNJcUmz22d/tTwIYz8ssXNLa/Qw=="],

    "@typescript/native-preview-linux-arm64": ["@typescript/native-preview-linux-arm64@7.0.0-dev.20260303.1", "", { "os": "linux", "cpu": "arm64" }, "sha512-ELJSV2Q4/mK+ampttssOl4H9s9ZBCc3k7y/u5ivJX8TdlMvZuH/JHqI6cS4Y00flt0R5wc70X+Nlcor4I4+rpw=="],

    "@typescript/native-preview-linux-x64": ["@typescript/native-preview-linux-x64@7.0.0-dev.20260303.1", "", { "os": "linux", "cpu": "x64" }, "sha512-HkddFrPJ0jcrohe+HnCqVTv8PunjqNs7FisRmtIAnc36+ccraDB6MVFEdPyAIL3PUID+TP/ESquqeKNnB7HdrQ=="],

    "@typescript/native-preview-win32-arm64": ["@typescript/native-preview-win32-arm64@7.0.0-dev.20260303.1", "", { "os": "win32", "cpu": "arm64" }, "sha512-kTTMrBpWuxbHPt9hAFQSWeP//5Oa0KOdAEvceOfXUJhTS8RAA/kZSlFGE/Zw1EtrFLQx2J7uTHUZnYxH1hYXNw=="],

    "@typescript/native-preview-win32-x64": ["@typescript/native-preview-win32-x64@7.0.0-dev.20260303.1", "", { "os": "win32", "cpu": "x64" }, "sha512-UcVZbf4pra46Yx/eFV6m9F+awvihliPEud4Rq+A8Q3q3zI67VRaNH6R2/qeo4AqqKRahmiEdLM6Tnm+gPtLRQQ=="],

    "agent-base": ["agent-base@7.1.4", "", {}, "sha512-MnA+YT8fwfJPgBx3m60MNqakm30XOkyIoH1y6huTQvC0PwZG7ki8NacLBcrPbNoo8vEZy7Jpuk7+jMO+CUovTQ=="],

    "bidi-js": ["bidi-js@1.0.3", "", { "dependencies": { "require-from-string": "^2.0.2" } }, "sha512-RKshQI1R3YQ+n9YJz2QQ147P66ELpa1FQEg20Dk8oW9t2KgLbpDLLp9aGZ7y8WHSshDknG0bknqGw5/tyCs5tw=="],

    "bun-types": ["bun-types@1.3.10", "", { "dependencies": { "@types/node": "*" } }, "sha512-tcpfCCl6XWo6nCVnpcVrxQ+9AYN1iqMIzgrSKYMB/fjLtV2eyAVEg7AxQJuCq/26R6HpKWykQXuSOq/21RYcbg=="],

    "css-tree": ["css-tree@3.1.0", "", { "dependencies": { "mdn-data": "2.12.2", "source-map-js": "^1.0.1" } }, "sha512-0eW44TGN5SQXU1mWSkKwFstI/22X2bG1nYzZTYMAWjylYURhse752YgbE4Cx46AC+bAvI+/dYTPRk1LqSUnu6w=="],

    "cssstyle": ["cssstyle@6.2.0", "", { "dependencies": { "@asamuzakjp/css-color": "^5.0.1", "@csstools/css-syntax-patches-for-csstree": "^1.0.28", "css-tree": "^3.1.0", "lru-cache": "^11.2.6" } }, "sha512-Fm5NvhYathRnXNVndkUsCCuR63DCLVVwGOOwQw782coXFi5HhkXdu289l59HlXZBawsyNccXfWRYvLzcDCdDig=="],

    "data-urls": ["data-urls@7.0.0", "", { "dependencies": { "whatwg-mimetype": "^5.0.0", "whatwg-url": "^16.0.0" } }, "sha512-23XHcCF+coGYevirZceTVD7NdJOqVn+49IHyxgszm+JIiHLoB2TkmPtsYkNWT1pvRSGkc35L6NHs0yHkN2SumA=="],

    "debug": ["debug@4.4.3", "", { "dependencies": { "ms": "^2.1.3" } }, "sha512-RGwwWnwQvkVfavKVt22FGLw+xYSdzARwm0ru6DhTVA3umU5hZc28V3kO4stgYryrTlLpuvgI9GiijltAjNbcqA=="],

    "decimal.js": ["decimal.js@10.6.0", "", {}, "sha512-YpgQiITW3JXGntzdUmyUR1V812Hn8T1YVXhCu+wO3OpS4eU9l4YdD3qjyiKdV6mvV29zapkMeD390UVEf2lkUg=="],

    "entities": ["entities@6.0.1", "", {}, "sha512-aN97NXWF6AWBTahfVOIrB/NShkzi5H7F9r1s9mD3cDj4Ko5f2qhhVoYMibXF7GlLveb/D2ioWay8lxI97Ven3g=="],

    "html-encoding-sniffer": ["html-encoding-sniffer@6.0.0", "", { "dependencies": { "@exodus/bytes": "^1.6.0" } }, "sha512-CV9TW3Y3f8/wT0BRFc1/KAVQ3TUHiXmaAb6VW9vtiMFf7SLoMd1PdAc4W3KFOFETBJUb90KatHqlsZMWV+R9Gg=="],

    "http-proxy-agent": ["http-proxy-agent@7.0.2", "", { "dependencies": { "agent-base": "^7.1.0", "debug": "^4.3.4" } }, "sha512-T1gkAiYYDWYx3V5Bmyu7HcfcvL7mUrTWiM6yOfa3PIphViJ/gFPbvidQ+veqSOHci/PxBcDabeUNCzpOODJZig=="],

    "https-proxy-agent": ["https-proxy-agent@7.0.6", "", { "dependencies": { "agent-base": "^7.1.2", "debug": "4" } }, "sha512-vK9P5/iUfdl95AI+JVyUuIcVtd4ofvtrOr3HNtM2yxC9bnMbEdp3x01OhQNnjb8IJYi38VlTE3mBXwcfvywuSw=="],

    "is-potential-custom-element-name": ["is-potential-custom-element-name@1.0.1", "", {}, "sha512-bCYeRA2rVibKZd+s2625gGnGF/t7DSqDs4dP7CrLA1m7jKWz6pps0LpYLJN8Q64HtmPKJ1hrN3nzPNKFEKOUiQ=="],

    "jsdom": ["jsdom@28.1.0", "", { "dependencies": { "@acemir/cssom": "^0.9.31", "@asamuzakjp/dom-selector": "^6.8.1", "@bramus/specificity": "^2.4.2", "@exodus/bytes": "^1.11.0", "cssstyle": "^6.0.1", "data-urls": "^7.0.0", "decimal.js": "^10.6.0", "html-encoding-sniffer": "^6.0.0", "http-proxy-agent": "^7.0.2", "https-proxy-agent": "^7.0.6", "is-potential-custom-element-name": "^1.0.1", "parse5": "^8.0.0", "saxes": "^6.0.0", "symbol-tree": "^3.2.4", "tough-cookie": "^6.0.0", "undici": "^7.21.0", "w3c-xmlserializer": "^5.0.0", "webidl-conversions": "^8.0.1", "whatwg-mimetype": "^5.0.0", "whatwg-url": "^16.0.0", "xml-name-validator": "^5.0.0" }, "peerDependencies": { "canvas": "^3.0.0" }, "optionalPeers": ["canvas"] }, "sha512-0+MoQNYyr2rBHqO1xilltfDjV9G7ymYGlAUazgcDLQaUf8JDHbuGwsxN6U9qWaElZ4w1B2r7yEGIL3GdeW3Rug=="],

    "lru-cache": ["lru-cache@11.2.6", "", {}, "sha512-ESL2CrkS/2wTPfuend7Zhkzo2u0daGJ/A2VucJOgQ/C48S/zB8MMeMHSGKYpXhIjbPxfuezITkaBH1wqv00DDQ=="],

    "mdn-data": ["mdn-data@2.12.2", "", {}, "sha512-IEn+pegP1aManZuckezWCO+XZQDplx1366JoVhTpMpBB1sPey/SbveZQUosKiKiGYjg1wH4pMlNgXbCiYgihQA=="],

    "ms": ["ms@2.1.3", "", {}, "sha512-6FlzubTLZG3J2a/NVCAleEhjzq5oxgHyaCU9yYXvcLsvoVaHJq/s5xXI6/XXP6tz7R9xAOtHnSO/tXtF3WRTlA=="],

    "oxfmt": ["oxfmt@0.36.0", "", { "dependencies": { "tinypool": "2.1.0" }, "optionalDependencies": { "@oxfmt/binding-android-arm-eabi": "0.36.0", "@oxfmt/binding-android-arm64": "0.36.0", "@oxfmt/binding-darwin-arm64": "0.36.0", "@oxfmt/binding-darwin-x64": "0.36.0", "@oxfmt/binding-freebsd-x64": "0.36.0", "@oxfmt/binding-linux-arm-gnueabihf": "0.36.0", "@oxfmt/binding-linux-arm-musleabihf": "0.36.0", "@oxfmt/binding-linux-arm64-gnu": "0.36.0", "@oxfmt/binding-linux-arm64-musl": "0.36.0", "@oxfmt/binding-linux-ppc64-gnu": "0.36.0", "@oxfmt/binding-linux-riscv64-gnu": "0.36.0", "@oxfmt/binding-linux-riscv64-musl": "0.36.0", "@oxfmt/binding-linux-s390x-gnu": "0.36.0", "@oxfmt/binding-linux-x64-gnu": "0.36.0", "@oxfmt/binding-linux-x64-musl": "0.36.0", "@oxfmt/binding-openharmony-arm64": "0.36.0", "@oxfmt/binding-win32-arm64-msvc": "0.36.0", "@oxfmt/binding-win32-ia32-msvc": "0.36.0", "@oxfmt/binding-win32-x64-msvc": "0.36.0" }, "bin": { "oxfmt": "bin/oxfmt" } }, "sha512-/ejJ+KoSW6J9bcNT9a9UtJSJNWhJ3yOLSBLbkoFHJs/8CZjmaZVZAJe4YgO1KMJlKpNQasrn/G9JQUEZI3p0EQ=="],

    "oxlint": ["oxlint@1.51.0", "", { "optionalDependencies": { "@oxlint/binding-android-arm-eabi": "1.51.0", "@oxlint/binding-android-arm64": "1.51.0", "@oxlint/binding-darwin-arm64": "1.51.0", "@oxlint/binding-darwin-x64": "1.51.0", "@oxlint/binding-freebsd-x64": "1.51.0", "@oxlint/binding-linux-arm-gnueabihf": "1.51.0", "@oxlint/binding-linux-arm-musleabihf": "1.51.0", "@oxlint/binding-linux-arm64-gnu": "1.51.0", "@oxlint/binding-linux-arm64-musl": "1.51.0", "@oxlint/binding-linux-ppc64-gnu": "1.51.0", "@oxlint/binding-linux-riscv64-gnu": "1.51.0", "@oxlint/binding-linux-riscv64-musl": "1.51.0", "@oxlint/binding-linux-s390x-gnu": "1.51.0", "@oxlint/binding-linux-x64-gnu": "1.51.0", "@oxlint/binding-linux-x64-musl": "1.51.0", "@oxlint/binding-openharmony-arm64": "1.51.0", "@oxlint/binding-win32-arm64-msvc": "1.51.0", "@oxlint/binding-win32-ia32-msvc": "1.51.0", "@oxlint/binding-win32-x64-msvc": "1.51.0" }, "peerDependencies": { "oxlint-tsgolint": ">=0.15.0" }, "optionalPeers": ["oxlint-tsgolint"], "bin": { "oxlint": "bin/oxlint" } }, "sha512-g6DNPaV9/WI9MoX2XllafxQuxwY1TV++j7hP8fTJByVBuCoVtm3dy9f/2vtH/HU40JztcgWF4G7ua+gkainklQ=="],

    "parse5": ["parse5@7.3.0", "", { "dependencies": { "entities": "^6.0.0" } }, "sha512-IInvU7fabl34qmi9gY8XOVxhYyMyuH2xUNpb2q8/Y+7552KlejkRvqvD19nMoUW/uQGGbqNpA6Tufu5FL5BZgw=="],

    "punycode": ["punycode@2.3.1", "", {}, "sha512-vYt7UD1U9Wg6138shLtLOvdAu+8DsC/ilFtEVHcH+wydcSpNE20AfSOduf6MkRFahL5FY7X1oU7nKVZFtfq8Fg=="],

    "require-from-string": ["require-from-string@2.0.2", "", {}, "sha512-Xf0nWe6RseziFMu+Ap9biiUbmplq6S9/p+7w7YXP/JBHhrUDDUhwa+vANyubuqfZWTveU//DYVGsDG7RKL/vEw=="],

    "saxes": ["saxes@6.0.0", "", { "dependencies": { "xmlchars": "^2.2.0" } }, "sha512-xAg7SOnEhrm5zI3puOOKyy1OMcMlIJZYNJY7xLBwSze0UjhPLnWfj2GF2EpT0jmzaJKIWKHLsaSSajf35bcYnA=="],

    "source-map-js": ["source-map-js@1.2.1", "", {}, "sha512-UXWMKhLOwVKb728IUtQPXxfYU+usdybtUrK/8uGE8CQMvrhOpwvzDBwj0QhSL7MQc7vIsISBG8VQ8+IDQxpfQA=="],

    "symbol-tree": ["symbol-tree@3.2.4", "", {}, "sha512-9QNk5KwDF+Bvz+PyObkmSYjI5ksVUYtjW7AU22r2NKcfLJcXp96hkDWU3+XndOsUb+AQ9QhfzfCT2O+CNWT5Tw=="],

    "tinypool": ["tinypool@2.1.0", "", {}, "sha512-Pugqs6M0m7Lv1I7FtxN4aoyToKg1C4tu+/381vH35y8oENM/Ai7f7C4StcoK4/+BSw9ebcS8jRiVrORFKCALLw=="],

    "tldts": ["tldts@7.0.24", "", { "dependencies": { "tldts-core": "^7.0.24" }, "bin": { "tldts": "bin/cli.js" } }, "sha512-1r6vQTTt1rUiJkI5vX7KG8PR342Ru/5Oh13kEQP2SMbRSZpOey9SrBe27IDxkoWulx8ShWu4K6C0BkctP8Z1bQ=="],

    "tldts-core": ["tldts-core@7.0.24", "", {}, "sha512-pj7yygNMoMRqG7ML2SDQ0xNIOfN3IBDUcPVM2Sg6hP96oFNN2nqnzHreT3z9xLq85IWJyNTvD38O002DdOrPMw=="],

    "tough-cookie": ["tough-cookie@6.0.0", "", { "dependencies": { "tldts": "^7.0.5" } }, "sha512-kXuRi1mtaKMrsLUxz3sQYvVl37B0Ns6MzfrtV5DvJceE9bPyspOqk9xxv7XbZWcfLWbFmm997vl83qUWVJA64w=="],

    "tr46": ["tr46@6.0.0", "", { "dependencies": { "punycode": "^2.3.1" } }, "sha512-bLVMLPtstlZ4iMQHpFHTR7GAGj2jxi8Dg0s2h2MafAE4uSWF98FC/3MomU51iQAMf8/qDUbKWf5GxuvvVcXEhw=="],

    "undici": ["undici@7.22.0", "", {}, "sha512-RqslV2Us5BrllB+JeiZnK4peryVTndy9Dnqq62S3yYRRTj0tFQCwEniUy2167skdGOy3vqRzEvl1Dm4sV2ReDg=="],

    "undici-types": ["undici-types@7.22.0", "", {}, "sha512-RKZvifiL60xdsIuC80UY0dq8Z7DbJUV8/l2hOVbyZAxBzEeQU4Z58+4ZzJ6WN2Lidi9KzT5EbiGX+PI/UGYuRw=="],

    "w3c-xmlserializer": ["w3c-xmlserializer@5.0.0", "", { "dependencies": { "xml-name-validator": "^5.0.0" } }, "sha512-o8qghlI8NZHU1lLPrpi2+Uq7abh4GGPpYANlalzWxyWteJOCsr/P+oPBA49TOLu5FTZO4d3F9MnWJfiMo4BkmA=="],

    "webidl-conversions": ["webidl-conversions@8.0.1", "", {}, "sha512-BMhLD/Sw+GbJC21C/UgyaZX41nPt8bUTg+jWyDeg7e7YN4xOM05YPSIXceACnXVtqyEw/LMClUQMtMZ+PGGpqQ=="],

    "whatwg-mimetype": ["whatwg-mimetype@5.0.0", "", {}, "sha512-sXcNcHOC51uPGF0P/D4NVtrkjSU2fNsm9iog4ZvZJsL3rjoDAzXZhkm2MWt1y+PUdggKAYVoMAIYcs78wJ51Cw=="],

    "whatwg-url": ["whatwg-url@16.0.1", "", { "dependencies": { "@exodus/bytes": "^1.11.0", "tr46": "^6.0.0", "webidl-conversions": "^8.0.1" } }, "sha512-1to4zXBxmXHV3IiSSEInrreIlu02vUOvrhxJJH5vcxYTBDAx51cqZiKdyTxlecdKNSjj8EcxGBxNf6Vg+945gw=="],

    "xml-name-validator": ["xml-name-validator@5.0.0", "", {}, "sha512-EvGK8EJ3DhaHfbRlETOWAS5pO9MZITeauHKJyb8wyajUfQUenkIg2MvLDTZ4T/TgIcm3HU0TFBgWWboAZ30UHg=="],

    "xmlchars": ["xmlchars@2.2.0", "", {}, "sha512-JZnDKK8B0RCDw84FNdDAIpZK+JuJw+s7Lz8nksI7SIuU3UXJJslUthsi+uWBUYOwPFwW7W7PRLRfUKpxjtjFCw=="],

    "@types/node/undici-types": ["undici-types@7.18.2", "", {}, "sha512-AsuCzffGHJybSaRrmr5eHr81mwJU3kjw6M+uprWvCXiNeN9SOGwQ3Jn8jb8m3Z6izVgknn1R0FTCEAP2QrLY/w=="],

    "jsdom/parse5": ["parse5@8.0.0", "", { "dependencies": { "entities": "^6.0.0" } }, "sha512-9m4m5GSgXjL4AjumKzq1Fgfp3Z8rsvjRNbnkVwfu2ImRqE5D0LnY2QfDen18FSY9C573YU5XxSapdHZTZ2WolA=="],
  }
}
